
Microsoft Visual Studio Solution File, Format Version 12.00
# Visual Studio Version 17
VisualStudioVersion = 17.8.34322.80
MinimumVisualStudioVersion = 10.0.40219.1
Project("{8BC9CEB8-8B4A-11D0-8D11-00A0C91BC942}") = "cloud-sdk", "src\Cloud-Internal.vcxproj", "{080FCF7F-1A84-40FD-9DF2-941AAD42E03E}"
EndProject
Global
	GlobalSection(SolutionConfigurationPlatforms) = preSolution
		Debug|x64 = Debug|x64
		Release|x64 = Release|x64
	EndGlobalSection
	GlobalSection(ProjectConfigurationPlatforms) = postSolution
		{080FCF7F-1A84-40FD-9DF2-941AAD42E03E}.Debug|x64.ActiveCfg = Debug|x64
		{080FCF7F-1A84-40FD-9DF2-941AAD42E03E}.Debug|x64.Build.0 = Debug|x64
		{080FCF7F-1A84-40FD-9DF2-941AAD42E03E}.Release|x64.ActiveCfg = Release|x64
		{080FCF7F-1A84-40FD-9DF2-941AAD42E03E}.Release|x64.Build.0 = Release|x64
	EndGlobalSection
	GlobalSection(SolutionProperties) = preSolution
		HideSolutionNode = FALSE
	EndGlobalSection
	GlobalSection(ExtensibilityGlobals) = postSolution
		SolutionGuid = {FE9C9877-AC06-4EF8-8FCC-821AEA0EFEB7}
	EndGlobalSection
EndGlobal
